// !$*UTF8*$!
{
	archiveVersion = 1;
	classes = {
	};
	objectVersion = 56;
	objects = {

/* Begin PBXBuildFile section */
		18C4126C2CB825BE008A9577 /* StickyTabView.swift in Sources */ = {isa = PBXBuildFile; fileRef = 18C4126B2CB825BE008A9577 /* StickyTabView.swift */; };
		18D0D8E32C68E21A00AAC9A1 /* DailyPracticeApp.swift in Sources */ = {isa = PBXBuildFile; fileRef = 18D0D8E22C68E21A00AAC9A1 /* DailyPracticeApp.swift */; };
		18D0D8E52C68E21A00AAC9A1 /* ContentView.swift in Sources */ = {isa = PBXBuildFile; fileRef = 18D0D8E42C68E21A00AAC9A1 /* ContentView.swift */; };
		18D0D8E72C68E21C00AAC9A1 /* Assets.xcassets in Resources */ = {isa = PBXBuildFile; fileRef = 18D0D8E62C68E21C00AAC9A1 /* Assets.xcassets */; };
		18D0D8EA2C68E21C00AAC9A1 /* Preview Assets.xcassets in Resources */ = {isa = PBXBuildFile; fileRef = 18D0D8E92C68E21C00AAC9A1 /* Preview Assets.xcassets */; };
		18D0D8F42C68E21C00AAC9A1 /* DailyPracticeTests.swift in Sources */ = {isa = PBXBuildFile; fileRef = 18D0D8F32C68E21C00AAC9A1 /* DailyPracticeTests.swift */; };
		18D0D8FE2C68E21C00AAC9A1 /* DailyPracticeUITests.swift in Sources */ = {isa = PBXBuildFile; fileRef = 18D0D8FD2C68E21C00AAC9A1 /* DailyPracticeUITests.swift */; };
		18D0D9002C68E21C00AAC9A1 /* DailyPracticeUITestsLaunchTests.swift in Sources */ = {isa = PBXBuildFile; fileRef = 18D0D8FF2C68E21C00AAC9A1 /* DailyPracticeUITestsLaunchTests.swift */; };
		18D0D90D2C6908DA00AAC9A1 /* ContentUnavailableSample.swift in Sources */ = {isa = PBXBuildFile; fileRef = 18D0D90C2C6908DA00AAC9A1 /* ContentUnavailableSample.swift */; };
		18F1FC762CE0831F00FA3430 /* CapturableView.swift in Sources */ = {isa = PBXBuildFile; fileRef = 18F1FC752CE0831F00FA3430 /* CapturableView.swift */; };
/* End PBXBuildFile section */

/* Begin PBXContainerItemProxy section */
		18D0D8F02C68E21C00AAC9A1 /* PBXContainerItemProxy */ = {
			isa = PBXContainerItemProxy;
			containerPortal = 18D0D8D72C68E21A00AAC9A1 /* Project object */;
			proxyType = 1;
			remoteGlobalIDString = 18D0D8DE2C68E21A00AAC9A1;
			remoteInfo = DailyPractice;
		};
		18D0D8FA2C68E21C00AAC9A1 /* PBXContainerItemProxy */ = {
			isa = PBXContainerItemProxy;
			containerPortal = 18D0D8D72C68E21A00AAC9A1 /* Project object */;
			proxyType = 1;
			remoteGlobalIDString = 18D0D8DE2C68E21A00AAC9A1;
			remoteInfo = DailyPractice;
		};
/* End PBXContainerItemProxy section */

/* Begin PBXFileReference section */
		18C4126B2CB825BE008A9577 /* StickyTabView.swift */ = {isa = PBXFileReference; lastKnownFileType = sourcecode.swift; path = StickyTabView.swift; sourceTree = "<group>"; };
		18D0D8DF2C68E21A00AAC9A1 /* DailyPractice.app */ = {isa = PBXFileReference; explicitFileType = wrapper.application; includeInIndex = 0; path = DailyPractice.app; sourceTree = BUILT_PRODUCTS_DIR; };
		18D0D8E22C68E21A00AAC9A1 /* DailyPracticeApp.swift */ = {isa = PBXFileReference; lastKnownFileType = sourcecode.swift; path = DailyPracticeApp.swift; sourceTree = "<group>"; };
		18D0D8E42C68E21A00AAC9A1 /* ContentView.swift */ = {isa = PBXFileReference; lastKnownFileType = sourcecode.swift; path = ContentView.swift; sourceTree = "<group>"; };
		18D0D8E62C68E21C00AAC9A1 /* Assets.xcassets */ = {isa = PBXFileReference; lastKnownFileType = folder.assetcatalog; path = Assets.xcassets; sourceTree = "<group>"; };
		18D0D8E92C68E21C00AAC9A1 /* Preview Assets.xcassets */ = {isa = PBXFileReference; lastKnownFileType = folder.assetcatalog; path = "Preview Assets.xcassets"; sourceTree = "<group>"; };
		18D0D8EF2C68E21C00AAC9A1 /* DailyPracticeTests.xctest */ = {isa = PBXFileReference; explicitFileType = wrapper.cfbundle; includeInIndex = 0; path = DailyPracticeTests.xctest; sourceTree = BUILT_PRODUCTS_DIR; };
		18D0D8F32C68E21C00AAC9A1 /* DailyPracticeTests.swift */ = {isa = PBXFileReference; lastKnownFileType = sourcecode.swift; path = DailyPracticeTests.swift; sourceTree = "<group>"; };
		18D0D8F92C68E21C00AAC9A1 /* DailyPracticeUITests.xctest */ = {isa = PBXFileReference; explicitFileType = wrapper.cfbundle; includeInIndex = 0; path = DailyPracticeUITests.xctest; sourceTree = BUILT_PRODUCTS_DIR; };
		18D0D8FD2C68E21C00AAC9A1 /* DailyPracticeUITests.swift */ = {isa = PBXFileReference; lastKnownFileType = sourcecode.swift; path = DailyPracticeUITests.swift; sourceTree = "<group>"; };
		18D0D8FF2C68E21C00AAC9A1 /* DailyPracticeUITestsLaunchTests.swift */ = {isa = PBXFileReference; lastKnownFileType = sourcecode.swift; path = DailyPracticeUITestsLaunchTests.swift; sourceTree = "<group>"; };
		18D0D90C2C6908DA00AAC9A1 /* ContentUnavailableSample.swift */ = {isa = PBXFileReference; lastKnownFileType = sourcecode.swift; path = ContentUnavailableSample.swift; sourceTree = "<group>"; };
		18F1FC752CE0831F00FA3430 /* CapturableView.swift */ = {isa = PBXFileReference; lastKnownFileType = sourcecode.swift; path = CapturableView.swift; sourceTree = "<group>"; };
/* End PBXFileReference section */

/* Begin PBXFrameworksBuildPhase section */
		18D0D8DC2C68E21A00AAC9A1 /* Frameworks */ = {
			isa = PBXFrameworksBuildPhase;
			buildActionMask = 2147483647;
			files = (
			);
			runOnlyForDeploymentPostprocessing = 0;
		};
		18D0D8EC2C68E21C00AAC9A1 /* Frameworks */ = {
			isa = PBXFrameworksBuildPhase;
			buildActionMask = 2147483647;
			files = (
			);
			runOnlyForDeploymentPostprocessing = 0;
		};
		18D0D8F62C68E21C00AAC9A1 /* Frameworks */ = {
			isa = PBXFrameworksBuildPhase;
			buildActionMask = 2147483647;
			files = (
			);
			runOnlyForDeploymentPostprocessing = 0;
		};
/* End PBXFrameworksBuildPhase section */

/* Begin PBXGroup section */
		18D0D8D62C68E21A00AAC9A1 = {
			isa = PBXGroup;
			children = (
				18D0D8E12C68E21A00AAC9A1 /* DailyPractice */,
				18D0D8F22C68E21C00AAC9A1 /* DailyPracticeTests */,
				18D0D8FC2C68E21C00AAC9A1 /* DailyPracticeUITests */,
				18D0D8E02C68E21A00AAC9A1 /* Products */,
			);
			sourceTree = "<group>";
		};
		18D0D8E02C68E21A00AAC9A1 /* Products */ = {
			isa = PBXGroup;
			children = (
				18D0D8DF2C68E21A00AAC9A1 /* DailyPractice.app */,
				18D0D8EF2C68E21C00AAC9A1 /* DailyPracticeTests.xctest */,
				18D0D8F92C68E21C00AAC9A1 /* DailyPracticeUITests.xctest */,
			);
			name = Products;
			sourceTree = "<group>";
		};
		18D0D8E12C68E21A00AAC9A1 /* DailyPractice */ = {
			isa = PBXGroup;
			children = (
				18F1FC752CE0831F00FA3430 /* CapturableView.swift */,
				18D0D8E22C68E21A00AAC9A1 /* DailyPracticeApp.swift */,
				18D0D8E42C68E21A00AAC9A1 /* ContentView.swift */,
				18D0D90C2C6908DA00AAC9A1 /* ContentUnavailableSample.swift */,
				18C4126B2CB825BE008A9577 /* StickyTabView.swift */,
				18D0D8E62C68E21C00AAC9A1 /* Assets.xcassets */,
				18D0D8E82C68E21C00AAC9A1 /* Preview Content */,
			);
			path = DailyPractice;
			sourceTree = "<group>";
		};
		18D0D8E82C68E21C00AAC9A1 /* Preview Content */ = {
			isa = PBXGroup;
			children = (
				18D0D8E92C68E21C00AAC9A1 /* Preview Assets.xcassets */,
			);
			path = "Preview Content";
			sourceTree = "<group>";
		};
		18D0D8F22C68E21C00AAC9A1 /* DailyPracticeTests */ = {
			isa = PBXGroup;
			children = (
				18D0D8F32C68E21C00AAC9A1 /* DailyPracticeTests.swift */,
			);
			path = DailyPracticeTests;
			sourceTree = "<group>";
		};
		18D0D8FC2C68E21C00AAC9A1 /* DailyPracticeUITests */ = {
			isa = PBXGroup;
			children = (
				18D0D8FD2C68E21C00AAC9A1 /* DailyPracticeUITests.swift */,
				18D0D8FF2C68E21C00AAC9A1 /* DailyPracticeUITestsLaunchTests.swift */,
			);
			path = DailyPracticeUITests;
			sourceTree = "<group>";
		};
/* End PBXGroup section */

/* Begin PBXNativeTarget section */
		18D0D8DE2C68E21A00AAC9A1 /* DailyPractice */ = {
			isa = PBXNativeTarget;
			buildConfigurationList = 18D0D9032C68E21C00AAC9A1 /* Build configuration list for PBXNativeTarget "DailyPractice" */;
			buildPhases = (
				18D0D8DB2C68E21A00AAC9A1 /* Sources */,
				18D0D8DC2C68E21A00AAC9A1 /* Frameworks */,
				18D0D8DD2C68E21A00AAC9A1 /* Resources */,
			);
			buildRules = (
			);
			dependencies = (
			);
			name = DailyPractice;
			productName = DailyPractice;
			productReference = 18D0D8DF2C68E21A00AAC9A1 /* DailyPractice.app */;
			productType = "com.apple.product-type.application";
		};
		18D0D8EE2C68E21C00AAC9A1 /* DailyPracticeTests */ = {
			isa = PBXNativeTarget;
			buildConfigurationList = 18D0D9062C68E21C00AAC9A1 /* Build configuration list for PBXNativeTarget "DailyPracticeTests" */;
			buildPhases = (
				18D0D8EB2C68E21C00AAC9A1 /* Sources */,
				18D0D8EC2C68E21C00AAC9A1 /* Frameworks */,
				18D0D8ED2C68E21C00AAC9A1 /* Resources */,
			);
			buildRules = (
			);
			dependencies = (
				18D0D8F12C68E21C00AAC9A1 /* PBXTargetDependency */,
			);
			name = DailyPracticeTests;
			productName = DailyPracticeTests;
			productReference = 18D0D8EF2C68E21C00AAC9A1 /* DailyPracticeTests.xctest */;
			productType = "com.apple.product-type.bundle.unit-test";
		};
		18D0D8F82C68E21C00AAC9A1 /* DailyPracticeUITests */ = {
			isa = PBXNativeTarget;
			buildConfigurationList = 18D0D9092C68E21C00AAC9A1 /* Build configuration list for PBXNativeTarget "DailyPracticeUITests" */;
			buildPhases = (
				18D0D8F52C68E21C00AAC9A1 /* Sources */,
				18D0D8F62C68E21C00AAC9A1 /* Frameworks */,
				18D0D8F72C68E21C00AAC9A1 /* Resources */,
			);
			buildRules = (
			);
			dependencies = (
				18D0D8FB2C68E21C00AAC9A1 /* PBXTargetDependency */,
			);
			name = DailyPracticeUITests;
			productName = DailyPracticeUITests;
			productReference = 18D0D8F92C68E21C00AAC9A1 /* DailyPracticeUITests.xctest */;
			productType = "com.apple.product-type.bundle.ui-testing";
		};
/* End PBXNativeTarget section */

/* Begin PBXProject section */
		18D0D8D72C68E21A00AAC9A1 /* Project object */ = {
			isa = PBXProject;
			attributes = {
				BuildIndependentTargetsInParallel = 1;
				LastSwiftUpdateCheck = 1540;
				LastUpgradeCheck = 1610;
				TargetAttributes = {
					18D0D8DE2C68E21A00AAC9A1 = {
						CreatedOnToolsVersion = 15.4;
					};
					18D0D8EE2C68E21C00AAC9A1 = {
						CreatedOnToolsVersion = 15.4;
						TestTargetID = 18D0D8DE2C68E21A00AAC9A1;
					};
					18D0D8F82C68E21C00AAC9A1 = {
						CreatedOnToolsVersion = 15.4;
						TestTargetID = 18D0D8DE2C68E21A00AAC9A1;
					};
				};
			};
			buildConfigurationList = 18D0D8DA2C68E21A00AAC9A1 /* Build configuration list for PBXProject "DailyPractice" */;
			compatibilityVersion = "Xcode 14.0";
			developmentRegion = en;
			hasScannedForEncodings = 0;
			knownRegions = (
				en,
				Base,
			);
			mainGroup = 18D0D8D62C68E21A00AAC9A1;
			productRefGroup = 18D0D8E02C68E21A00AAC9A1 /* Products */;
			projectDirPath = "";
			projectRoot = "";
			targets = (
				18D0D8DE2C68E21A00AAC9A1 /* DailyPractice */,
				18D0D8EE2C68E21C00AAC9A1 /* DailyPracticeTests */,
				18D0D8F82C68E21C00AAC9A1 /* DailyPracticeUITests */,
			);
		};
/* End PBXProject section */

/* Begin PBXResourcesBuildPhase section */
		18D0D8DD2C68E21A00AAC9A1 /* Resources */ = {
			isa = PBXResourcesBuildPhase;
			buildActionMask = 2147483647;
			files = (
				18D0D8EA2C68E21C00AAC9A1 /* Preview Assets.xcassets in Resources */,
				18D0D8E72C68E21C00AAC9A1 /* Assets.xcassets in Resources */,
			);
			runOnlyForDeploymentPostprocessing = 0;
		};
		18D0D8ED2C68E21C00AAC9A1 /* Resources */ = {
			isa = PBXResourcesBuildPhase;
			buildActionMask = 2147483647;
			files = (
			);
			runOnlyForDeploymentPostprocessing = 0;
		};
		18D0D8F72C68E21C00AAC9A1 /* Resources */ = {
			isa = PBXResourcesBuildPhase;
			buildActionMask = 2147483647;
			files = (
			);
			runOnlyForDeploymentPostprocessing = 0;
		};
/* End PBXResourcesBuildPhase section */

/* Begin PBXSourcesBuildPhase section */
		18D0D8DB2C68E21A00AAC9A1 /* Sources */ = {
			isa = PBXSourcesBuildPhase;
			buildActionMask = 2147483647;
			files = (
				18F1FC762CE0831F00FA3430 /* CapturableView.swift in Sources */,
				18D0D8E52C68E21A00AAC9A1 /* ContentView.swift in Sources */,
				18D0D90D2C6908DA00AAC9A1 /* ContentUnavailableSample.swift in Sources */,
				18D0D8E32C68E21A00AAC9A1 /* DailyPracticeApp.swift in Sources */,
				18C4126C2CB825BE008A9577 /* StickyTabView.swift in Sources */,
			);
			runOnlyForDeploymentPostprocessing = 0;
		};
		18D0D8EB2C68E21C00AAC9A1 /* Sources */ = {
			isa = PBXSourcesBuildPhase;
			buildActionMask = 2147483647;
			files = (
				18D0D8F42C68E21C00AAC9A1 /* DailyPracticeTests.swift in Sources */,
			);
			runOnlyForDeploymentPostprocessing = 0;
		};
		18D0D8F52C68E21C00AAC9A1 /* Sources */ = {
			isa = PBXSourcesBuildPhase;
			buildActionMask = 2147483647;
			files = (
				18D0D8FE2C68E21C00AAC9A1 /* DailyPracticeUITests.swift in Sources */,
				18D0D9002C68E21C00AAC9A1 /* DailyPracticeUITestsLaunchTests.swift in Sources */,
			);
			runOnlyForDeploymentPostprocessing = 0;
		};
/* End PBXSourcesBuildPhase section */

/* Begin PBXTargetDependency section */
		18D0D8F12C68E21C00AAC9A1 /* PBXTargetDependency */ = {
			isa = PBXTargetDependency;
			target = 18D0D8DE2C68E21A00AAC9A1 /* DailyPractice */;
			targetProxy = 18D0D8F02C68E21C00AAC9A1 /* PBXContainerItemProxy */;
		};
		18D0D8FB2C68E21C00AAC9A1 /* PBXTargetDependency */ = {
			isa = PBXTargetDependency;
			target = 18D0D8DE2C68E21A00AAC9A1 /* DailyPractice */;
			targetProxy = 18D0D8FA2C68E21C00AAC9A1 /* PBXContainerItemProxy */;
		};
/* End PBXTargetDependency section */

/* Begin XCBuildConfiguration section */
		18D0D9012C68E21C00AAC9A1 /* Debug */ = {
			isa = XCBuildConfiguration;
			buildSettings = {
				ALWAYS_SEARCH_USER_PATHS = NO;
				ASSETCATALOG_COMPILER_GENERATE_SWIFT_ASSET_SYMBOL_EXTENSIONS = YES;
				CLANG_ANALYZER_NONNULL = YES;
				CLANG_ANALYZER_NUMBER_OBJECT_CONVERSION = YES_AGGRESSIVE;
				CLANG_CXX_LANGUAGE_STANDARD = "gnu++20";
				CLANG_ENABLE_MODULES = YES;
				CLANG_ENABLE_OBJC_ARC = YES;
				CLANG_ENABLE_OBJC_WEAK = YES;
				CLANG_WARN_BLOCK_CAPTURE_AUTORELEASING = YES;
				CLANG_WARN_BOOL_CONVERSION = YES;
				CLANG_WARN_COMMA = YES;
				CLANG_WARN_CONSTANT_CONVERSION = YES;
				CLANG_WARN_DEPRECATED_OBJC_IMPLEMENTATIONS = YES;
				CLANG_WARN_DIRECT_OBJC_ISA_USAGE = YES_ERROR;
				CLANG_WARN_DOCUMENTATION_COMMENTS = YES;
				CLANG_WARN_EMPTY_BODY = YES;
				CLANG_WARN_ENUM_CONVERSION = YES;
				CLANG_WARN_INFINITE_RECURSION = YES;
				CLANG_WARN_INT_CONVERSION = YES;
				CLANG_WARN_NON_LITERAL_NULL_CONVERSION = YES;
				CLANG_WARN_OBJC_IMPLICIT_RETAIN_SELF = YES;
				CLANG_WARN_OBJC_LITERAL_CONVERSION = YES;
				CLANG_WARN_OBJC_ROOT_CLASS = YES_ERROR;
				CLANG_WARN_QUOTED_INCLUDE_IN_FRAMEWORK_HEADER = YES;
				CLANG_WARN_RANGE_LOOP_ANALYSIS = YES;
				CLANG_WARN_STRICT_PROTOTYPES = YES;
				CLANG_WARN_SUSPICIOUS_MOVE = YES;
				CLANG_WARN_UNGUARDED_AVAILABILITY = YES_AGGRESSIVE;
				CLANG_WARN_UNREACHABLE_CODE = YES;
				CLANG_WARN__DUPLICATE_METHOD_MATCH = YES;
				COPY_PHASE_STRIP = NO;
				DEBUG_INFORMATION_FORMAT = dwarf;
				ENABLE_STRICT_OBJC_MSGSEND = YES;
				ENABLE_TESTABILITY = YES;
				ENABLE_USER_SCRIPT_SANDBOXING = YES;
				GCC_C_LANGUAGE_STANDARD = gnu17;
				GCC_DYNAMIC_NO_PIC = NO;
				GCC_NO_COMMON_BLOCKS = YES;
				GCC_OPTIMIZATION_LEVEL = 0;
				GCC_PREPROCESSOR_DEFINITIONS = (
					"DEBUG=1",
					"$(inherited)",
				);
				GCC_WARN_64_TO_32_BIT_CONVERSION = YES;
				GCC_WARN_ABOUT_RETURN_TYPE = YES_ERROR;
				GCC_WARN_UNDECLARED_SELECTOR = YES;
				GCC_WARN_UNINITIALIZED_AUTOS = YES_AGGRESSIVE;
				GCC_WARN_UNUSED_FUNCTION = YES;
				GCC_WARN_UNUSED_VARIABLE = YES;
				IPHONEOS_DEPLOYMENT_TARGET = 17.5;
				LOCALIZATION_PREFERS_STRING_CATALOGS = YES;
				MTL_ENABLE_DEBUG_INFO = INCLUDE_SOURCE;
				MTL_FAST_MATH = YES;
				ONLY_ACTIVE_ARCH = YES;
				SDKROOT = iphoneos;
				SWIFT_ACTIVE_COMPILATION_CONDITIONS = "DEBUG $(inherited)";
				SWIFT_OPTIMIZATION_LEVEL = "-Onone";
			};
			name = Debug;
		};
		18D0D9022C68E21C00AAC9A1 /* Release */ = {
			isa = XCBuildConfiguration;
			buildSettings = {
				ALWAYS_SEARCH_USER_PATHS = NO;
				ASSETCATALOG_COMPILER_GENERATE_SWIFT_ASSET_SYMBOL_EXTENSIONS = YES;
				CLANG_ANALYZER_NONNULL = YES;
				CLANG_ANALYZER_NUMBER_OBJECT_CONVERSION = YES_AGGRESSIVE;
				CLANG_CXX_LANGUAGE_STANDARD = "gnu++20";
				CLANG_ENABLE_MODULES = YES;
				CLANG_ENABLE_OBJC_ARC = YES;
				CLANG_ENABLE_OBJC_WEAK = YES;
				CLANG_WARN_BLOCK_CAPTURE_AUTORELEASING = YES;
				CLANG_WARN_BOOL_CONVERSION = YES;
				CLANG_WARN_COMMA = YES;
				CLANG_WARN_CONSTANT_CONVERSION = YES;
				CLANG_WARN_DEPRECATED_OBJC_IMPLEMENTATIONS = YES;
				CLANG_WARN_DIRECT_OBJC_ISA_USAGE = YES_ERROR;
				CLANG_WARN_DOCUMENTATION_COMMENTS = YES;
				CLANG_WARN_EMPTY_BODY = YES;
				CLANG_WARN_ENUM_CONVERSION = YES;
				CLANG_WARN_INFINITE_RECURSION = YES;
				CLANG_WARN_INT_CONVERSION = YES;
				CLANG_WARN_NON_LITERAL_NULL_CONVERSION = YES;
				CLANG_WARN_OBJC_IMPLICIT_RETAIN_SELF = YES;
				CLANG_WARN_OBJC_LITERAL_CONVERSION = YES;
				CLANG_WARN_OBJC_ROOT_CLASS = YES_ERROR;
				CLANG_WARN_QUOTED_INCLUDE_IN_FRAMEWORK_HEADER = YES;
				CLANG_WARN_RANGE_LOOP_ANALYSIS = YES;
				CLANG_WARN_STRICT_PROTOTYPES = YES;
				CLANG_WARN_SUSPICIOUS_MOVE = YES;
				CLANG_WARN_UNGUARDED_AVAILABILITY = YES_AGGRESSIVE;
				CLANG_WARN_UNREACHABLE_CODE = YES;
				CLANG_WARN__DUPLICATE_METHOD_MATCH = YES;
				COPY_PHASE_STRIP = NO;
				DEBUG_INFORMATION_FORMAT = "dwarf-with-dsym";
				ENABLE_NS_ASSERTIONS = NO;
				ENABLE_STRICT_OBJC_MSGSEND = YES;
				ENABLE_USER_SCRIPT_SANDBOXING = YES;
				GCC_C_LANGUAGE_STANDARD = gnu17;
				GCC_NO_COMMON_BLOCKS = YES;
				GCC_WARN_64_TO_32_BIT_CONVERSION = YES;
				GCC_WARN_ABOUT_RETURN_TYPE = YES_ERROR;
				GCC_WARN_UNDECLARED_SELECTOR = YES;
				GCC_WARN_UNINITIALIZED_AUTOS = YES_AGGRESSIVE;
				GCC_WARN_UNUSED_FUNCTION = YES;
				GCC_WARN_UNUSED_VARIABLE = YES;
				IPHONEOS_DEPLOYMENT_TARGET = 17.5;
				LOCALIZATION_PREFERS_STRING_CATALOGS = YES;
				MTL_ENABLE_DEBUG_INFO = NO;
				MTL_FAST_MATH = YES;
				SDKROOT = iphoneos;
				SWIFT_COMPILATION_MODE = wholemodule;
				VALIDATE_PRODUCT = YES;
			};
			name = Release;
		};
		18D0D9042C68E21C00AAC9A1 /* Debug */ = {
			isa = XCBuildConfiguration;
			buildSettings = {
				ASSETCATALOG_COMPILER_APPICON_NAME = AppIcon;
				ASSETCATALOG_COMPILER_GLOBAL_ACCENT_COLOR_NAME = AccentColor;
				CODE_SIGN_STYLE = Automatic;
				CURRENT_PROJECT_VERSION = 1;
				DEVELOPMENT_ASSET_PATHS = "\"DailyPractice/Preview Content\"";
				DEVELOPMENT_TEAM = D2U85G9H4F;
				ENABLE_PREVIEWS = YES;
				ENABLE_USER_SCRIPT_SANDBOXING = NO;
				GENERATE_INFOPLIST_FILE = YES;
				INFOPLIST_FILE = DailyPractice/Info.plist;
				INFOPLIST_KEY_UIApplicationSceneManifest_Generation = YES;
				INFOPLIST_KEY_UIApplicationSupportsIndirectInputEvents = YES;
				INFOPLIST_KEY_UILaunchScreen_Generation = YES;
				INFOPLIST_KEY_UISupportedInterfaceOrientations_iPad = "UIInterfaceOrientationPortrait UIInterfaceOrientationPortraitUpsideDown UIInterfaceOrientationLandscapeLeft UIInterfaceOrientationLandscapeRight";
				INFOPLIST_KEY_UISupportedInterfaceOrientations_iPhone = "UIInterfaceOrientationPortrait UIInterfaceOrientationLandscapeLeft UIInterfaceOrientationLandscapeRight";
				LD_RUNPATH_SEARCH_PATHS = (
					"$(inherited)",
					"@executable_path/Frameworks",
				);
				MARKETING_VERSION = 1.0;
				PRODUCT_BUNDLE_IDENTIFIER = com.ytoaster.DailyPractice;
				PRODUCT_NAME = "$(TARGET_NAME)";
				SWIFT_EMIT_LOC_STRINGS = YES;
				SWIFT_VERSION = 5.0;
				TARGETED_DEVICE_FAMILY = "1,2";
			};
			name = Debug;
		};
		18D0D9052C68E21C00AAC9A1 /* Release */ = {
			isa = XCBuildConfiguration;
			buildSettings = {
				ASSETCATALOG_COMPILER_APPICON_NAME = AppIcon;
				ASSETCATALOG_COMPILER_GLOBAL_ACCENT_COLOR_NAME = AccentColor;
				CODE_SIGN_STYLE = Automatic;
				CURRENT_PROJECT_VERSION = 1;
				DEVELOPMENT_ASSET_PATHS = "\"DailyPractice/Preview Content\"";
				DEVELOPMENT_TEAM = D2U85G9H4F;
				ENABLE_PREVIEWS = YES;
				ENABLE_USER_SCRIPT_SANDBOXING = NO;
				GENERATE_INFOPLIST_FILE = YES;
				INFOPLIST_FILE = DailyPractice/Info.plist;
				INFOPLIST_KEY_UIApplicationSceneManifest_Generation = YES;
				INFOPLIST_KEY_UIApplicationSupportsIndirectInputEvents = YES;
				INFOPLIST_KEY_UILaunchScreen_Generation = YES;
				INFOPLIST_KEY_UISupportedInterfaceOrientations_iPad = "UIInterfaceOrientationPortrait UIInterfaceOrientationPortraitUpsideDown UIInterfaceOrientationLandscapeLeft UIInterfaceOrientationLandscapeRight";
				INFOPLIST_KEY_UISupportedInterfaceOrientations_iPhone = "UIInterfaceOrientationPortrait UIInterfaceOrientationLandscapeLeft UIInterfaceOrientationLandscapeRight";
				LD_RUNPATH_SEARCH_PATHS = (
					"$(inherited)",
					"@executable_path/Frameworks",
				);
				MARKETING_VERSION = 1.0;
				PRODUCT_BUNDLE_IDENTIFIER = com.ytoaster.DailyPractice;
				PRODUCT_NAME = "$(TARGET_NAME)";
				SWIFT_EMIT_LOC_STRINGS = YES;
				SWIFT_VERSION = 5.0;
				TARGETED_DEVICE_FAMILY = "1,2";
			};
			name = Release;
		};
		18D0D9072C68E21C00AAC9A1 /* Debug */ = {
			isa = XCBuildConfiguration;
			buildSettings = {
				BUNDLE_LOADER = "$(TEST_HOST)";
				CODE_SIGN_STYLE = Automatic;
				CURRENT_PROJECT_VERSION = 1;
				DEVELOPMENT_TEAM = D2U85G9H4F;
				GENERATE_INFOPLIST_FILE = YES;
				IPHONEOS_DEPLOYMENT_TARGET = 17.5;
				MARKETING_VERSION = 1.0;
				PRODUCT_BUNDLE_IDENTIFIER = com.ytoaster.DailyPracticeTests;
				PRODUCT_NAME = "$(TARGET_NAME)";
				SWIFT_EMIT_LOC_STRINGS = NO;
				SWIFT_VERSION = 5.0;
				TARGETED_DEVICE_FAMILY = "1,2";
				TEST_HOST = "$(BUILT_PRODUCTS_DIR)/DailyPractice.app/$(BUNDLE_EXECUTABLE_FOLDER_PATH)/DailyPractice";
			};
			name = Debug;
		};
		18D0D9082C68E21C00AAC9A1 /* Release */ = {
			isa = XCBuildConfiguration;
			buildSettings = {
				BUNDLE_LOADER = "$(TEST_HOST)";
				CODE_SIGN_STYLE = Automatic;
				CURRENT_PROJECT_VERSION = 1;
				DEVELOPMENT_TEAM = D2U85G9H4F;
				GENERATE_INFOPLIST_FILE = YES;
				IPHONEOS_DEPLOYMENT_TARGET = 17.5;
				MARKETING_VERSION = 1.0;
				PRODUCT_BUNDLE_IDENTIFIER = com.ytoaster.DailyPracticeTests;
				PRODUCT_NAME = "$(TARGET_NAME)";
				SWIFT_EMIT_LOC_STRINGS = NO;
				SWIFT_VERSION = 5.0;
				TARGETED_DEVICE_FAMILY = "1,2";
				TEST_HOST = "$(BUILT_PRODUCTS_DIR)/DailyPractice.app/$(BUNDLE_EXECUTABLE_FOLDER_PATH)/DailyPractice";
			};
			name = Release;
		};
		18D0D90A2C68E21C00AAC9A1 /* Debug */ = {
			isa = XCBuildConfiguration;
			buildSettings = {
				CODE_SIGN_STYLE = Automatic;
				CURRENT_PROJECT_VERSION = 1;
				DEVELOPMENT_TEAM = D2U85G9H4F;
				GENERATE_INFOPLIST_FILE = YES;
				MARKETING_VERSION = 1.0;
				PRODUCT_BUNDLE_IDENTIFIER = com.ytoaster.DailyPracticeUITests;
				PRODUCT_NAME = "$(TARGET_NAME)";
				SWIFT_EMIT_LOC_STRINGS = NO;
				SWIFT_VERSION = 5.0;
				TARGETED_DEVICE_FAMILY = "1,2";
				TEST_TARGET_NAME = DailyPractice;
			};
			name = Debug;
		};
		18D0D90B2C68E21C00AAC9A1 /* Release */ = {
			isa = XCBuildConfiguration;
			buildSettings = {
				CODE_SIGN_STYLE = Automatic;
				CURRENT_PROJECT_VERSION = 1;
				DEVELOPMENT_TEAM = D2U85G9H4F;
				GENERATE_INFOPLIST_FILE = YES;
				MARKETING_VERSION = 1.0;
				PRODUCT_BUNDLE_IDENTIFIER = com.ytoaster.DailyPracticeUITests;
				PRODUCT_NAME = "$(TARGET_NAME)";
				SWIFT_EMIT_LOC_STRINGS = NO;
				SWIFT_VERSION = 5.0;
				TARGETED_DEVICE_FAMILY = "1,2";
				TEST_TARGET_NAME = DailyPractice;
			};
			name = Release;
		};
/* End XCBuildConfiguration section */

/* Begin XCConfigurationList section */
		18D0D8DA2C68E21A00AAC9A1 /* Build configuration list for PBXProject "DailyPractice" */ = {
			isa = XCConfigurationList;
			buildConfigurations = (
				18D0D9012C68E21C00AAC9A1 /* Debug */,
				18D0D9022C68E21C00AAC9A1 /* Release */,
			);
			defaultConfigurationIsVisible = 0;
			defaultConfigurationName = Release;
		};
		18D0D9032C68E21C00AAC9A1 /* Build configuration list for PBXNativeTarget "DailyPractice" */ = {
			isa = XCConfigurationList;
			buildConfigurations = (
				18D0D9042C68E21C00AAC9A1 /* Debug */,
				18D0D9052C68E21C00AAC9A1 /* Release */,
			);
			defaultConfigurationIsVisible = 0;
			defaultConfigurationName = Release;
		};
		18D0D9062C68E21C00AAC9A1 /* Build configuration list for PBXNativeTarget "DailyPracticeTests" */ = {
			isa = XCConfigurationList;
			buildConfigurations = (
				18D0D9072C68E21C00AAC9A1 /* Debug */,
				18D0D9082C68E21C00AAC9A1 /* Release */,
			);
			defaultConfigurationIsVisible = 0;
			defaultConfigurationName = Release;
		};
		18D0D9092C68E21C00AAC9A1 /* Build configuration list for PBXNativeTarget "DailyPracticeUITests" */ = {
			isa = XCConfigurationList;
			buildConfigurations = (
				18D0D90A2C68E21C00AAC9A1 /* Debug */,
				18D0D90B2C68E21C00AAC9A1 /* Release */,
			);
			defaultConfigurationIsVisible = 0;
			defaultConfigurationName = Release;
		};
/* End XCConfigurationList section */
	};
	rootObject = 18D0D8D72C68E21A00AAC9A1 /* Project object */;
}
